
Microsoft Visual Studio Solution File, Format Version 12.00
# Visual Studio 15
VisualStudioVersion = 15.0.27428.2027
MinimumVisualStudioVersion = 10.0.40219.1
Project("{9A19103F-16F7-4668-BE54-9A1E7A4F7556}") = "Send", "Send.csproj", "{7C68CC8C-19B9-4E62-A66E-2AEC6A27213E}"
EndProject
Global
	GlobalSection(SolutionConfigurationPlatforms) = preSolution
		Debug|Any CPU = Debug|Any CPU
		Release|Any CPU = Release|Any CPU
	EndGlobalSection
	GlobalSection(ProjectConfigurationPlatforms) = postSolution
		{7C68CC8C-19B9-4E62-A66E-2AEC6A27213E}.Debug|Any CPU.ActiveCfg = Debug|Any CPU
		{7C68CC8C-19B9-4E62-A66E-2AEC6A27213E}.Debug|Any CPU.Build.0 = Debug|Any CPU
		{7C68CC8C-19B9-4E62-A66E-2AEC6A27213E}.Release|Any CPU.ActiveCfg = Release|Any CPU
		{7C68CC8C-19B9-4E62-A66E-2AEC6A27213E}.Release|Any CPU.Build.0 = Release|Any CPU
	EndGlobalSection
	GlobalSection(SolutionProperties) = preSolution
		HideSolutionNode = FALSE
	EndGlobalSection
	GlobalSection(ExtensibilityGlobals) = postSolution
		SolutionGuid = {CFDA1EF4-D23E-446E-9AE4-10EC34CD99D9}
	EndGlobalSection
EndGlobal
