
Microsoft Visual Studio Solution File, Format Version 12.00
# Visual Studio 15
VisualStudioVersion = 15.0.27428.2027
MinimumVisualStudioVersion = 10.0.40219.1
Project("{9A19103F-16F7-4668-BE54-9A1E7A4F7556}") = "EmitLog", "EmitLog.csproj", "{0E081117-8FAB-4EDD-A4F9-C294B3E150B2}"
EndProject
Global
	GlobalSection(SolutionConfigurationPlatforms) = preSolution
		Debug|Any CPU = Debug|Any CPU
		Release|Any CPU = Release|Any CPU
	EndGlobalSection
	GlobalSection(ProjectConfigurationPlatforms) = postSolution
		{0E081117-8FAB-4EDD-A4F9-C294B3E150B2}.Debug|Any CPU.ActiveCfg = Debug|Any CPU
		{0E081117-8FAB-4EDD-A4F9-C294B3E150B2}.Debug|Any CPU.Build.0 = Debug|Any CPU
		{0E081117-8FAB-4EDD-A4F9-C294B3E150B2}.Release|Any CPU.ActiveCfg = Release|Any CPU
		{0E081117-8FAB-4EDD-A4F9-C294B3E150B2}.Release|Any CPU.Build.0 = Release|Any CPU
	EndGlobalSection
	GlobalSection(SolutionProperties) = preSolution
		HideSolutionNode = FALSE
	EndGlobalSection
	GlobalSection(ExtensibilityGlobals) = postSolution
		SolutionGuid = {862510FD-C9A6-4658-95B5-7BF436FF12FB}
	EndGlobalSection
EndGlobal
