
Microsoft Visual Studio Solution File, Format Version 12.00
# Visual Studio 15
VisualStudioVersion = 15.0.27428.2027
MinimumVisualStudioVersion = 10.0.40219.1
Project("{9A19103F-16F7-4668-BE54-9A1E7A4F7556}") = "Worker", "Worker.csproj", "{9CA4D3A0-D5C8-4749-9E16-A8B88BE56E80}"
EndProject
Global
	GlobalSection(SolutionConfigurationPlatforms) = preSolution
		Debug|Any CPU = Debug|Any CPU
		Release|Any CPU = Release|Any CPU
	EndGlobalSection
	GlobalSection(ProjectConfigurationPlatforms) = postSolution
		{9CA4D3A0-D5C8-4749-9E16-A8B88BE56E80}.Debug|Any CPU.ActiveCfg = Debug|Any CPU
		{9CA4D3A0-D5C8-4749-9E16-A8B88BE56E80}.Debug|Any CPU.Build.0 = Debug|Any CPU
		{9CA4D3A0-D5C8-4749-9E16-A8B88BE56E80}.Release|Any CPU.ActiveCfg = Release|Any CPU
		{9CA4D3A0-D5C8-4749-9E16-A8B88BE56E80}.Release|Any CPU.Build.0 = Release|Any CPU
	EndGlobalSection
	GlobalSection(SolutionProperties) = preSolution
		HideSolutionNode = FALSE
	EndGlobalSection
	GlobalSection(ExtensibilityGlobals) = postSolution
		SolutionGuid = {548C04D3-C419-4615-B4E4-1EC7417765DF}
	EndGlobalSection
EndGlobal
